{
  "name": "github-proxy",
  "version": "1.0.0",
  "lockfileVersion": 1,
  "requires": true,
  "dependencies": {
    "itty-router": {
      "version": "2.4.8",
      "resolved": "https://registry.npmjs.org/itty-router/-/itty-router-2.4.8.tgz",
      "integrity": "sha512-VpAHeAN+/ABLqT/zEnwMomNCDh8eRrs06C8HRR8OxjVwGhXtvzoJbggjUnjAeNGxqjV4w7pp87Iu8jzEpr92fg=="
    }
  }
}
