{
  "name": "github-proxy",
  "version": "1.0.0",
  "lockfileVersion": 1,
  "requires": true,
  "dependencies": {
    "itty-router": {
      "version": "2.4.7",
      "resolved": "https://registry.npmjs.org/itty-router/-/itty-router-2.4.7.tgz",
      "integrity": "sha512-6v50/xNW9BBBrQHAloKyvVh/r9tEXBMbwhytOiQkcKbLOKJJkBHlzdlVXf59Zg5om++kA9dZKOxC66HDIQy8kw=="
    }
  }
}
